
Microsoft Visual Studio Solution File, Format Version 12.00
# Visual Studio 15
VisualStudioVersion = 15.0.26228.9
MinimumVisualStudioVersion = 10.0.40219.1
Project("{FAE04EC0-301F-11D3-BF4B-00C04F79EFBC}") = "Movie.Core", "Movie.Core\Movie.Core.csproj", "{49BA10EF-5FDD-4AED-AE04-C70519398CB2}"
EndProject
Project("{FAE04EC0-301F-11D3-BF4B-00C04F79EFBC}") = "Movie.Infrastructure", "Movie.Infrastructure\Movie.Infrastructure.csproj", "{132569B0-1BD0-4D3C-B593-33E59B9E7ADD}"
EndProject
Project("{FAE04EC0-301F-11D3-BF4B-00C04F79EFBC}") = "Movie.UnitTest", "Movie.UnitTest\Movie.UnitTest.csproj", "{BDABC923-1A13-4B59-AE99-6FD64CC96297}"
EndProject
Project("{FAE04EC0-301F-11D3-BF4B-00C04F79EFBC}") = "Movie.Web", "Movie.Web\Movie.Web.csproj", "{266869B3-EC14-4EA3-923C-D07254DA6EBD}"
EndProject
Global
	GlobalSection(SolutionConfigurationPlatforms) = preSolution
		Debug|Any CPU = Debug|Any CPU
		Release|Any CPU = Release|Any CPU
	EndGlobalSection
	GlobalSection(ProjectConfigurationPlatforms) = postSolution
		{49BA10EF-5FDD-4AED-AE04-C70519398CB2}.Debug|Any CPU.ActiveCfg = Debug|Any CPU
		{49BA10EF-5FDD-4AED-AE04-C70519398CB2}.Debug|Any CPU.Build.0 = Debug|Any CPU
		{49BA10EF-5FDD-4AED-AE04-C70519398CB2}.Release|Any CPU.ActiveCfg = Release|Any CPU
		{49BA10EF-5FDD-4AED-AE04-C70519398CB2}.Release|Any CPU.Build.0 = Release|Any CPU
		{132569B0-1BD0-4D3C-B593-33E59B9E7ADD}.Debug|Any CPU.ActiveCfg = Debug|Any CPU
		{132569B0-1BD0-4D3C-B593-33E59B9E7ADD}.Debug|Any CPU.Build.0 = Debug|Any CPU
		{132569B0-1BD0-4D3C-B593-33E59B9E7ADD}.Release|Any CPU.ActiveCfg = Release|Any CPU
		{132569B0-1BD0-4D3C-B593-33E59B9E7ADD}.Release|Any CPU.Build.0 = Release|Any CPU
		{BDABC923-1A13-4B59-AE99-6FD64CC96297}.Debug|Any CPU.ActiveCfg = Debug|Any CPU
		{BDABC923-1A13-4B59-AE99-6FD64CC96297}.Debug|Any CPU.Build.0 = Debug|Any CPU
		{BDABC923-1A13-4B59-AE99-6FD64CC96297}.Release|Any CPU.ActiveCfg = Release|Any CPU
		{BDABC923-1A13-4B59-AE99-6FD64CC96297}.Release|Any CPU.Build.0 = Release|Any CPU
		{266869B3-EC14-4EA3-923C-D07254DA6EBD}.Debug|Any CPU.ActiveCfg = Debug|Any CPU
		{266869B3-EC14-4EA3-923C-D07254DA6EBD}.Debug|Any CPU.Build.0 = Debug|Any CPU
		{266869B3-EC14-4EA3-923C-D07254DA6EBD}.Release|Any CPU.ActiveCfg = Release|Any CPU
		{266869B3-EC14-4EA3-923C-D07254DA6EBD}.Release|Any CPU.Build.0 = Release|Any CPU
	EndGlobalSection
	GlobalSection(SolutionProperties) = preSolution
		HideSolutionNode = FALSE
	EndGlobalSection
EndGlobal
